// !$*UTF8*$!
{
	archiveVersion = 1;
	classes = {
	};
	objectVersion = 46;
	objects = {

/* Begin PBXBuildFile section */
		3225DE801D26CFB4006B3571 /* AppDelegate.swift in Sources */ = {isa = PBXBuildFile; fileRef = 3225DE7F1D26CFB4006B3571 /* AppDelegate.swift */; };
		3225DE851D26CFB4006B3571 /* Main.storyboard in Resources */ = {isa = PBXBuildFile; fileRef = 3225DE831D26CFB4006B3571 /* Main.storyboard */; };
		3225DE8A1D26CFB4006B3571 /* LaunchScreen.storyboard in Resources */ = {isa = PBXBuildFile; fileRef = 3225DE881D26CFB4006B3571 /* LaunchScreen.storyboard */; };
		322824021D26EF4100BE310B /* TimelineViewController.swift in Sources */ = {isa = PBXBuildFile; fileRef = 322824011D26EF4100BE310B /* TimelineViewController.swift */; };
		322824041D26EF5900BE310B /* ProfileViewController.swift in Sources */ = {isa = PBXBuildFile; fileRef = 322824031D26EF5900BE310B /* ProfileViewController.swift */; };
		322824061D26EF6C00BE310B /* PhotoViewController.swift in Sources */ = {isa = PBXBuildFile; fileRef = 322824051D26EF6C00BE310B /* PhotoViewController.swift */; };
		3237B1AD1D26E3A500E67C0A /* Assets.xcassets in Resources */ = {isa = PBXBuildFile; fileRef = 3237B1AC1D26E3A500E67C0A /* Assets.xcassets */; };
		32A867E41D272F58006197CF /* PhotoTakingHelper.swift in Sources */ = {isa = PBXBuildFile; fileRef = 32A867E31D272F58006197CF /* PhotoTakingHelper.swift */; };
		32CA58F11D26E08E000247AA /* Podfile in Resources */ = {isa = PBXBuildFile; fileRef = 32CA58F01D26E08E000247AA /* Podfile */; };
		6FE489D3777273D3D7B2AB63 /* Pods_Blueberry.framework in Frameworks */ = {isa = PBXBuildFile; fileRef = DDF222958CCE71794B0D622B /* Pods_Blueberry.framework */; };
/* End PBXBuildFile section */

/* Begin PBXFileReference section */
		3225DE7C1D26CFB4006B3571 /* Blueberry.app */ = {isa = PBXFileReference; explicitFileType = wrapper.application; includeInIndex = 0; path = Blueberry.app; sourceTree = BUILT_PRODUCTS_DIR; };
		3225DE7F1D26CFB4006B3571 /* AppDelegate.swift */ = {isa = PBXFileReference; lastKnownFileType = sourcecode.swift; path = AppDelegate.swift; sourceTree = "<group>"; };
		3225DE841D26CFB4006B3571 /* Base */ = {isa = PBXFileReference; lastKnownFileType = file.storyboard; name = Base; path = Base.lproj/Main.storyboard; sourceTree = "<group>"; };
		3225DE891D26CFB4006B3571 /* Base */ = {isa = PBXFileReference; lastKnownFileType = file.storyboard; name = Base; path = Base.lproj/LaunchScreen.storyboard; sourceTree = "<group>"; };
		3225DE8B1D26CFB4006B3571 /* Info.plist */ = {isa = PBXFileReference; lastKnownFileType = text.plist.xml; path = Info.plist; sourceTree = "<group>"; };
		322824011D26EF4100BE310B /* TimelineViewController.swift */ = {isa = PBXFileReference; fileEncoding = 4; lastKnownFileType = sourcecode.swift; path = TimelineViewController.swift; sourceTree = "<group>"; };
		322824031D26EF5900BE310B /* ProfileViewController.swift */ = {isa = PBXFileReference; fileEncoding = 4; lastKnownFileType = sourcecode.swift; path = ProfileViewController.swift; sourceTree = "<group>"; };
		322824051D26EF6C00BE310B /* PhotoViewController.swift */ = {isa = PBXFileReference; fileEncoding = 4; lastKnownFileType = sourcecode.swift; path = PhotoViewController.swift; sourceTree = "<group>"; };
		3237B1AC1D26E3A500E67C0A /* Assets.xcassets */ = {isa = PBXFileReference; lastKnownFileType = folder.assetcatalog; name = Assets.xcassets; path = ../../../../../.Trash/Assets.xcassets; sourceTree = "<group>"; };
		32A867E31D272F58006197CF /* PhotoTakingHelper.swift */ = {isa = PBXFileReference; fileEncoding = 4; lastKnownFileType = sourcecode.swift; path = PhotoTakingHelper.swift; sourceTree = "<group>"; };
		32CA58F01D26E08E000247AA /* Podfile */ = {isa = PBXFileReference; fileEncoding = 4; lastKnownFileType = text; path = Podfile; sourceTree = "<group>"; };
		65B44609070B1CC7B93E7A9D /* Pods-Blueberry.release.xcconfig */ = {isa = PBXFileReference; includeInIndex = 1; lastKnownFileType = text.xcconfig; name = "Pods-Blueberry.release.xcconfig"; path = "Pods/Target Support Files/Pods-Blueberry/Pods-Blueberry.release.xcconfig"; sourceTree = "<group>"; };
		883D874DD0D9A63D7E64F374 /* Pods-Blueberry.debug.xcconfig */ = {isa = PBXFileReference; includeInIndex = 1; lastKnownFileType = text.xcconfig; name = "Pods-Blueberry.debug.xcconfig"; path = "Pods/Target Support Files/Pods-Blueberry/Pods-Blueberry.debug.xcconfig"; sourceTree = "<group>"; };
		DDF222958CCE71794B0D622B /* Pods_Blueberry.framework */ = {isa = PBXFileReference; explicitFileType = wrapper.framework; includeInIndex = 0; path = Pods_Blueberry.framework; sourceTree = BUILT_PRODUCTS_DIR; };
/* End PBXFileReference section */

/* Begin PBXFrameworksBuildPhase section */
		3225DE791D26CFB4006B3571 /* Frameworks */ = {
			isa = PBXFrameworksBuildPhase;
			buildActionMask = 2147483647;
			files = (
				6FE489D3777273D3D7B2AB63 /* Pods_Blueberry.framework in Frameworks */,
			);
			runOnlyForDeploymentPostprocessing = 0;
		};
/* End PBXFrameworksBuildPhase section */

/* Begin PBXGroup section */
		213FFCF99112D5186B94FB6E /* Pods */ = {
			isa = PBXGroup;
			children = (
				883D874DD0D9A63D7E64F374 /* Pods-Blueberry.debug.xcconfig */,
				65B44609070B1CC7B93E7A9D /* Pods-Blueberry.release.xcconfig */,
			);
			name = Pods;
			sourceTree = "<group>";
		};
		3225DE731D26CFB4006B3571 = {
			isa = PBXGroup;
			children = (
				32CA58F01D26E08E000247AA /* Podfile */,
				322824001D26EEFB00BE310B /* ViewControllers */,
				3225DE7E1D26CFB4006B3571 /* Blueberry */,
				3225DE7D1D26CFB4006B3571 /* Products */,
				213FFCF99112D5186B94FB6E /* Pods */,
				3A719F83AC2D89FB84ED8FFB /* Frameworks */,
			);
			sourceTree = "<group>";
		};
		3225DE7D1D26CFB4006B3571 /* Products */ = {
			isa = PBXGroup;
			children = (
				3225DE7C1D26CFB4006B3571 /* Blueberry.app */,
			);
			name = Products;
			sourceTree = "<group>";
		};
		3225DE7E1D26CFB4006B3571 /* Blueberry */ = {
			isa = PBXGroup;
			children = (
				32A867E01D272E26006197CF /* PhotoTaking */,
				3237B1AC1D26E3A500E67C0A /* Assets.xcassets */,
				3225DE7F1D26CFB4006B3571 /* AppDelegate.swift */,
				3225DE831D26CFB4006B3571 /* Main.storyboard */,
				3225DE881D26CFB4006B3571 /* LaunchScreen.storyboard */,
				3225DE8B1D26CFB4006B3571 /* Info.plist */,
			);
			path = Blueberry;
			sourceTree = "<group>";
		};
		322824001D26EEFB00BE310B /* ViewControllers */ = {
			isa = PBXGroup;
			children = (
				322824011D26EF4100BE310B /* TimelineViewController.swift */,
				322824031D26EF5900BE310B /* ProfileViewController.swift */,
				322824051D26EF6C00BE310B /* PhotoViewController.swift */,
			);
			name = ViewControllers;
			path = Blueberry/ViewControllers;
			sourceTree = "<group>";
		};
		32A867E01D272E26006197CF /* PhotoTaking */ = {
			isa = PBXGroup;
			children = (
				32A867E31D272F58006197CF /* PhotoTakingHelper.swift */,
			);
			path = PhotoTaking;
			sourceTree = "<group>";
		};
		3A719F83AC2D89FB84ED8FFB /* Frameworks */ = {
			isa = PBXGroup;
			children = (
				DDF222958CCE71794B0D622B /* Pods_Blueberry.framework */,
			);
			name = Frameworks;
			sourceTree = "<group>";
		};
/* End PBXGroup section */

/* Begin PBXNativeTarget section */
		3225DE7B1D26CFB4006B3571 /* Blueberry */ = {
			isa = PBXNativeTarget;
			buildConfigurationList = 3225DE8E1D26CFB4006B3571 /* Build configuration list for PBXNativeTarget "Blueberry" */;
			buildPhases = (
				1F94ED58DB86427E938789BD /* [CP] Check Pods Manifest.lock */,
				3225DE781D26CFB4006B3571 /* Sources */,
				3225DE791D26CFB4006B3571 /* Frameworks */,
				3225DE7A1D26CFB4006B3571 /* Resources */,
				7D02DE38775281A0F9812F59 /* [CP] Embed Pods Frameworks */,
				FF5278CEA2A1133E82E294D7 /* [CP] Copy Pods Resources */,
			);
			buildRules = (
			);
			dependencies = (
			);
			name = Blueberry;
			productName = Blueberry;
			productReference = 3225DE7C1D26CFB4006B3571 /* Blueberry.app */;
			productType = "com.apple.product-type.application";
		};
/* End PBXNativeTarget section */

/* Begin PBXProject section */
		3225DE741D26CFB4006B3571 /* Project object */ = {
			isa = PBXProject;
			attributes = {
				LastSwiftUpdateCheck = 0730;
				LastUpgradeCheck = 0730;
				ORGANIZATIONNAME = "Michelle Ho";
				TargetAttributes = {
					3225DE7B1D26CFB4006B3571 = {
						CreatedOnToolsVersion = 7.3.1;
						DevelopmentTeam = KF24937E72;
					};
				};
			};
			buildConfigurationList = 3225DE771D26CFB4006B3571 /* Build configuration list for PBXProject "Blueberry" */;
			compatibilityVersion = "Xcode 3.2";
			developmentRegion = English;
			hasScannedForEncodings = 0;
			knownRegions = (
				en,
				Base,
			);
			mainGroup = 3225DE731D26CFB4006B3571;
			productRefGroup = 3225DE7D1D26CFB4006B3571 /* Products */;
			projectDirPath = "";
			projectRoot = "";
			targets = (
				3225DE7B1D26CFB4006B3571 /* Blueberry */,
			);
		};
/* End PBXProject section */

/* Begin PBXResourcesBuildPhase section */
		3225DE7A1D26CFB4006B3571 /* Resources */ = {
			isa = PBXResourcesBuildPhase;
			buildActionMask = 2147483647;
			files = (
				3225DE8A1D26CFB4006B3571 /* LaunchScreen.storyboard in Resources */,
				32CA58F11D26E08E000247AA /* Podfile in Resources */,
				3237B1AD1D26E3A500E67C0A /* Assets.xcassets in Resources */,
				3225DE851D26CFB4006B3571 /* Main.storyboard in Resources */,
			);
			runOnlyForDeploymentPostprocessing = 0;
		};
/* End PBXResourcesBuildPhase section */

/* Begin PBXShellScriptBuildPhase section */
		1F94ED58DB86427E938789BD /* [CP] Check Pods Manifest.lock */ = {
			isa = PBXShellScriptBuildPhase;
			buildActionMask = 2147483647;
			files = (
			);
			inputPaths = (
			);
			name = "[CP] Check Pods Manifest.lock";
			outputPaths = (
			);
			runOnlyForDeploymentPostprocessing = 0;
			shellPath = /bin/sh;
			shellScript = "diff \"${PODS_ROOT}/../Podfile.lock\" \"${PODS_ROOT}/Manifest.lock\" > /dev/null\nif [[ $? != 0 ]] ; then\n    cat << EOM\nerror: The sandbox is not in sync with the Podfile.lock. Run 'pod install' or update your CocoaPods installation.\nEOM\n    exit 1\nfi\n";
			showEnvVarsInLog = 0;
		};
		7D02DE38775281A0F9812F59 /* [CP] Embed Pods Frameworks */ = {
			isa = PBXShellScriptBuildPhase;
			buildActionMask = 2147483647;
			files = (
			);
			inputPaths = (
			);
			name = "[CP] Embed Pods Frameworks";
			outputPaths = (
			);
			runOnlyForDeploymentPostprocessing = 0;
			shellPath = /bin/sh;
			shellScript = "\"${SRCROOT}/Pods/Target Support Files/Pods-Blueberry/Pods-Blueberry-frameworks.sh\"\n";
			showEnvVarsInLog = 0;
		};
		FF5278CEA2A1133E82E294D7 /* [CP] Copy Pods Resources */ = {
			isa = PBXShellScriptBuildPhase;
			buildActionMask = 2147483647;
			files = (
			);
			inputPaths = (
			);
			name = "[CP] Copy Pods Resources";
			outputPaths = (
			);
			runOnlyForDeploymentPostprocessing = 0;
			shellPath = /bin/sh;
			shellScript = "\"${SRCROOT}/Pods/Target Support Files/Pods-Blueberry/Pods-Blueberry-resources.sh\"\n";
			showEnvVarsInLog = 0;
		};
/* End PBXShellScriptBuildPhase section */

/* Begin PBXSourcesBuildPhase section */
		3225DE781D26CFB4006B3571 /* Sources */ = {
			isa = PBXSourcesBuildPhase;
			buildActionMask = 2147483647;
			files = (
				322824041D26EF5900BE310B /* ProfileViewController.swift in Sources */,
				32A867E41D272F58006197CF /* PhotoTakingHelper.swift in Sources */,
				322824061D26EF6C00BE310B /* PhotoViewController.swift in Sources */,
				3225DE801D26CFB4006B3571 /* AppDelegate.swift in Sources */,
				322824021D26EF4100BE310B /* TimelineViewController.swift in Sources */,
			);
			runOnlyForDeploymentPostprocessing = 0;
		};
/* End PBXSourcesBuildPhase section */

/* Begin PBXVariantGroup section */
		3225DE831D26CFB4006B3571 /* Main.storyboard */ = {
			isa = PBXVariantGroup;
			children = (
				3225DE841D26CFB4006B3571 /* Base */,
			);
			name = Main.storyboard;
			sourceTree = "<group>";
		};
		3225DE881D26CFB4006B3571 /* LaunchScreen.storyboard */ = {
			isa = PBXVariantGroup;
			children = (
				3225DE891D26CFB4006B3571 /* Base */,
			);
			name = LaunchScreen.storyboard;
			sourceTree = "<group>";
		};
/* End PBXVariantGroup section */

/* Begin XCBuildConfiguration section */
		3225DE8C1D26CFB4006B3571 /* Debug */ = {
			isa = XCBuildConfiguration;
			buildSettings = {
				ALWAYS_SEARCH_USER_PATHS = NO;
				CLANG_ANALYZER_NONNULL = YES;
				CLANG_CXX_LANGUAGE_STANDARD = "gnu++0x";
				CLANG_CXX_LIBRARY = "libc++";
				CLANG_ENABLE_MODULES = YES;
				CLANG_ENABLE_OBJC_ARC = YES;
				CLANG_WARN_BOOL_CONVERSION = YES;
				CLANG_WARN_CONSTANT_CONVERSION = YES;
				CLANG_WARN_DIRECT_OBJC_ISA_USAGE = YES_ERROR;
				CLANG_WARN_EMPTY_BODY = YES;
				CLANG_WARN_ENUM_CONVERSION = YES;
				CLANG_WARN_INT_CONVERSION = YES;
				CLANG_WARN_OBJC_ROOT_CLASS = YES_ERROR;
				CLANG_WARN_UNREACHABLE_CODE = YES;
				CLANG_WARN__DUPLICATE_METHOD_MATCH = YES;
				"CODE_SIGN_IDENTITY[sdk=iphoneos*]" = "iPhone Developer";
				COPY_PHASE_STRIP = NO;
				DEBUG_INFORMATION_FORMAT = dwarf;
				ENABLE_STRICT_OBJC_MSGSEND = YES;
				ENABLE_TESTABILITY = YES;
				GCC_C_LANGUAGE_STANDARD = gnu99;
				GCC_DYNAMIC_NO_PIC = NO;
				GCC_NO_COMMON_BLOCKS = YES;
				GCC_OPTIMIZATION_LEVEL = 0;
				GCC_PREPROCESSOR_DEFINITIONS = (
					"DEBUG=1",
					"$(inherited)",
				);
				GCC_WARN_64_TO_32_BIT_CONVERSION = YES;
				GCC_WARN_ABOUT_RETURN_TYPE = YES_ERROR;
				GCC_WARN_UNDECLARED_SELECTOR = YES;
				GCC_WARN_UNINITIALIZED_AUTOS = YES_AGGRESSIVE;
				GCC_WARN_UNUSED_FUNCTION = YES;
				GCC_WARN_UNUSED_VARIABLE = YES;
				IPHONEOS_DEPLOYMENT_TARGET = 9.3;
				MTL_ENABLE_DEBUG_INFO = YES;
				ONLY_ACTIVE_ARCH = YES;
				SDKROOT = iphoneos;
				SWIFT_OPTIMIZATION_LEVEL = "-Onone";
				TARGETED_DEVICE_FAMILY = "1,2";
			};
			name = Debug;
		};
		3225DE8D1D26CFB4006B3571 /* Release */ = {
			isa = XCBuildConfiguration;
			buildSettings = {
				ALWAYS_SEARCH_USER_PATHS = NO;
				CLANG_ANALYZER_NONNULL = YES;
				CLANG_CXX_LANGUAGE_STANDARD = "gnu++0x";
				CLANG_CXX_LIBRARY = "libc++";
				CLANG_ENABLE_MODULES = YES;
				CLANG_ENABLE_OBJC_ARC = YES;
				CLANG_WARN_BOOL_CONVERSION = YES;
				CLANG_WARN_CONSTANT_CONVERSION = YES;
				CLANG_WARN_DIRECT_OBJC_ISA_USAGE = YES_ERROR;
				CLANG_WARN_EMPTY_BODY = YES;
				CLANG_WARN_ENUM_CONVERSION = YES;
				CLANG_WARN_INT_CONVERSION = YES;
				CLANG_WARN_OBJC_ROOT_CLASS = YES_ERROR;
				CLANG_WARN_UNREACHABLE_CODE = YES;
				CLANG_WARN__DUPLICATE_METHOD_MATCH = YES;
				"CODE_SIGN_IDENTITY[sdk=iphoneos*]" = "iPhone Developer";
				COPY_PHASE_STRIP = NO;
				DEBUG_INFORMATION_FORMAT = "dwarf-with-dsym";
				ENABLE_NS_ASSERTIONS = NO;
				ENABLE_STRICT_OBJC_MSGSEND = YES;
				GCC_C_LANGUAGE_STANDARD = gnu99;
				GCC_NO_COMMON_BLOCKS = YES;
				GCC_WARN_64_TO_32_BIT_CONVERSION = YES;
				GCC_WARN_ABOUT_RETURN_TYPE = YES_ERROR;
				GCC_WARN_UNDECLARED_SELECTOR = YES;
				GCC_WARN_UNINITIALIZED_AUTOS = YES_AGGRESSIVE;
				GCC_WARN_UNUSED_FUNCTION = YES;
				GCC_WARN_UNUSED_VARIABLE = YES;
				IPHONEOS_DEPLOYMENT_TARGET = 9.3;
				MTL_ENABLE_DEBUG_INFO = NO;
				SDKROOT = iphoneos;
				TARGETED_DEVICE_FAMILY = "1,2";
				VALIDATE_PRODUCT = YES;
			};
			name = Release;
		};
		3225DE8F1D26CFB4006B3571 /* Debug */ = {
			isa = XCBuildConfiguration;
			baseConfigurationReference = 883D874DD0D9A63D7E64F374 /* Pods-Blueberry.debug.xcconfig */;
			buildSettings = {
				ASSETCATALOG_COMPILER_APPICON_NAME = AppIcon;
				CODE_SIGN_IDENTITY = "iPhone Developer";
				"CODE_SIGN_IDENTITY[sdk=iphoneos*]" = "iPhone Developer";
				FRAMEWORK_SEARCH_PATHS = "$(inherited)";
				INFOPLIST_FILE = Blueberry/Info.plist;
				LD_RUNPATH_SEARCH_PATHS = "$(inherited) @executable_path/Frameworks";
				PRODUCT_BUNDLE_IDENTIFIER = com.appbuilder.Blueberry;
				PRODUCT_NAME = "$(TARGET_NAME)";
				PROVISIONING_PROFILE = "";
			};
			name = Debug;
		};
		3225DE901D26CFB4006B3571 /* Release */ = {
			isa = XCBuildConfiguration;
			baseConfigurationReference = 65B44609070B1CC7B93E7A9D /* Pods-Blueberry.release.xcconfig */;
			buildSettings = {
				ASSETCATALOG_COMPILER_APPICON_NAME = AppIcon;
				CODE_SIGN_IDENTITY = "iPhone Developer";
				"CODE_SIGN_IDENTITY[sdk=iphoneos*]" = "iPhone Developer";
				FRAMEWORK_SEARCH_PATHS = "$(inherited)";
				INFOPLIST_FILE = Blueberry/Info.plist;
				LD_RUNPATH_SEARCH_PATHS = "$(inherited) @executable_path/Frameworks";
				PRODUCT_BUNDLE_IDENTIFIER = com.appbuilder.Blueberry;
				PRODUCT_NAME = "$(TARGET_NAME)";
				PROVISIONING_PROFILE = "";
			};
			name = Release;
		};
/* End XCBuildConfiguration section */

/* Begin XCConfigurationList section */
		3225DE771D26CFB4006B3571 /* Build configuration list for PBXProject "Blueberry" */ = {
			isa = XCConfigurationList;
			buildConfigurations = (
				3225DE8C1D26CFB4006B3571 /* Debug */,
				3225DE8D1D26CFB4006B3571 /* Release */,
			);
			defaultConfigurationIsVisible = 0;
			defaultConfigurationName = Release;
		};
		3225DE8E1D26CFB4006B3571 /* Build configuration list for PBXNativeTarget "Blueberry" */ = {
			isa = XCConfigurationList;
			buildConfigurations = (
				3225DE8F1D26CFB4006B3571 /* Debug */,
				3225DE901D26CFB4006B3571 /* Release */,
			);
			defaultConfigurationIsVisible = 0;
			defaultConfigurationName = Release;
		};
/* End XCConfigurationList section */
	};
	rootObject = 3225DE741D26CFB4006B3571 /* Project object */;
}
